// !$*UTF8*$!
{
	archiveVersion = 1;
	classes = {
	};
	objectVersion = 55;
	objects = {

/* Begin PBXBuildFile section */
		9D15836C280BD6CA00D58795 /* Sumla+CoreDataClass.swift in Sources */ = {isa = PBXBuildFile; fileRef = 9D15836A280BD6CA00D58795 /* Sumla+CoreDataClass.swift */; };
		9D15836D280BD6CA00D58795 /* Sumla+CoreDataProperties.swift in Sources */ = {isa = PBXBuildFile; fileRef = 9D15836B280BD6CA00D58795 /* Sumla+CoreDataProperties.swift */; };
		9D1D860F275F0B0F00A1561F /* ArtCollectionData.swift in Sources */ = {isa = PBXBuildFile; fileRef = 9D1D860E275F0B0F00A1561F /* ArtCollectionData.swift */; };
		9D2643DE27379901003FF259 /* HomeViewController.swift in Sources */ = {isa = PBXBuildFile; fileRef = 9D2643DD27379901003FF259 /* HomeViewController.swift */; };
		9D2EDCBA273AE61900D32E70 /* SearchViewController.swift in Sources */ = {isa = PBXBuildFile; fileRef = 9D2EDCB9273AE61900D32E70 /* SearchViewController.swift */; };
		9D8C16AB271F50D2000EC665 /* AppDelegate.swift in Sources */ = {isa = PBXBuildFile; fileRef = 9D8C16AA271F50D2000EC665 /* AppDelegate.swift */; };
		9D8C16AD271F50D2000EC665 /* SceneDelegate.swift in Sources */ = {isa = PBXBuildFile; fileRef = 9D8C16AC271F50D2000EC665 /* SceneDelegate.swift */; };
		9D8C16B2271F50D2000EC665 /* Main.storyboard in Resources */ = {isa = PBXBuildFile; fileRef = 9D8C16B0271F50D2000EC665 /* Main.storyboard */; };
		9D8C16B5271F50D2000EC665 /* Sumla.xcdatamodeld in Sources */ = {isa = PBXBuildFile; fileRef = 9D8C16B3271F50D2000EC665 /* Sumla.xcdatamodeld */; };
		9D8C16BA271F50D3000EC665 /* LaunchScreen.storyboard in Resources */ = {isa = PBXBuildFile; fileRef = 9D8C16B8271F50D3000EC665 /* LaunchScreen.storyboard */; };
		9D8C16C4271F5A6C000EC665 /* Assets.xcassets in Resources */ = {isa = PBXBuildFile; fileRef = 9D8C16C3271F5A6C000EC665 /* Assets.xcassets */; };
		9D8F2BC127AE31AA00C5C667 /* SearchArtworkTypeViewController.swift in Sources */ = {isa = PBXBuildFile; fileRef = 9D8F2BC027AE31AA00C5C667 /* SearchArtworkTypeViewController.swift */; };
		9D8F2BCF27B9DA1500C5C667 /* FavoriteGridCell.swift in Sources */ = {isa = PBXBuildFile; fileRef = 9D8F2BCE27B9DA1500C5C667 /* FavoriteGridCell.swift */; };
		9DBC9107275DB6E1005B9419 /* ArtCollectionCell.swift in Sources */ = {isa = PBXBuildFile; fileRef = 9DBC9106275DB6E1005B9419 /* ArtCollectionCell.swift */; };
		9DCAA6D627A1BD7E003BDBA3 /* ArtworkDetailsViewController.swift in Sources */ = {isa = PBXBuildFile; fileRef = 9DCAA6D527A1BD7E003BDBA3 /* ArtworkDetailsViewController.swift */; };
		9DCAA6D827A30F6D003BDBA3 /* DataModel.swift in Sources */ = {isa = PBXBuildFile; fileRef = 9DCAA6D727A30F6D003BDBA3 /* DataModel.swift */; };
		9DCAA6DA27A3160B003BDBA3 /* FavoriteCollection.swift in Sources */ = {isa = PBXBuildFile; fileRef = 9DCAA6D927A3160B003BDBA3 /* FavoriteCollection.swift */; };
		9DCAA6E027AA46DA003BDBA3 /* SearchTitleViewController.swift in Sources */ = {isa = PBXBuildFile; fileRef = 9DCAA6DF27AA46DA003BDBA3 /* SearchTitleViewController.swift */; };
		9DF964F2279B1149007F1AF6 /* DownloadImage.swift in Sources */ = {isa = PBXBuildFile; fileRef = 9DF964F1279B1149007F1AF6 /* DownloadImage.swift */; };
		9DF964F6279CA87E007F1AF6 /* FavoriteViewController.swift in Sources */ = {isa = PBXBuildFile; fileRef = 9DF964F5279CA87E007F1AF6 /* FavoriteViewController.swift */; };
/* End PBXBuildFile section */

/* Begin PBXFileReference section */
		9D15836A280BD6CA00D58795 /* Sumla+CoreDataClass.swift */ = {isa = PBXFileReference; lastKnownFileType = sourcecode.swift; path = "Sumla+CoreDataClass.swift"; sourceTree = "<group>"; };
		9D15836B280BD6CA00D58795 /* Sumla+CoreDataProperties.swift */ = {isa = PBXFileReference; lastKnownFileType = sourcecode.swift; path = "Sumla+CoreDataProperties.swift"; sourceTree = "<group>"; };
		9D1D860E275F0B0F00A1561F /* ArtCollectionData.swift */ = {isa = PBXFileReference; lastKnownFileType = sourcecode.swift; path = ArtCollectionData.swift; sourceTree = "<group>"; };
		9D2643DD27379901003FF259 /* HomeViewController.swift */ = {isa = PBXFileReference; lastKnownFileType = sourcecode.swift; path = HomeViewController.swift; sourceTree = "<group>"; };
		9D2EDCB9273AE61900D32E70 /* SearchViewController.swift */ = {isa = PBXFileReference; lastKnownFileType = sourcecode.swift; path = SearchViewController.swift; sourceTree = "<group>"; };
		9D8C16A7271F50D2000EC665 /* Sumla.app */ = {isa = PBXFileReference; explicitFileType = wrapper.application; includeInIndex = 0; path = Sumla.app; sourceTree = BUILT_PRODUCTS_DIR; };
		9D8C16AA271F50D2000EC665 /* AppDelegate.swift */ = {isa = PBXFileReference; lastKnownFileType = sourcecode.swift; path = AppDelegate.swift; sourceTree = "<group>"; };
		9D8C16AC271F50D2000EC665 /* SceneDelegate.swift */ = {isa = PBXFileReference; lastKnownFileType = sourcecode.swift; path = SceneDelegate.swift; sourceTree = "<group>"; };
		9D8C16B1271F50D2000EC665 /* Base */ = {isa = PBXFileReference; lastKnownFileType = file.storyboard; name = Base; path = Base.lproj/Main.storyboard; sourceTree = "<group>"; };
		9D8C16B4271F50D2000EC665 /* Sumla.xcdatamodel */ = {isa = PBXFileReference; lastKnownFileType = wrapper.xcdatamodel; path = Sumla.xcdatamodel; sourceTree = "<group>"; };
		9D8C16B9271F50D3000EC665 /* Base */ = {isa = PBXFileReference; lastKnownFileType = file.storyboard; name = Base; path = Base.lproj/LaunchScreen.storyboard; sourceTree = "<group>"; };
		9D8C16BB271F50D3000EC665 /* Info.plist */ = {isa = PBXFileReference; lastKnownFileType = text.plist.xml; path = Info.plist; sourceTree = "<group>"; };
		9D8C16C3271F5A6C000EC665 /* Assets.xcassets */ = {isa = PBXFileReference; lastKnownFileType = folder.assetcatalog; name = Assets.xcassets; path = "AppIcons (5)/Assets.xcassets"; sourceTree = SOURCE_ROOT; };
		9D8F2BC027AE31AA00C5C667 /* SearchArtworkTypeViewController.swift */ = {isa = PBXFileReference; lastKnownFileType = sourcecode.swift; path = SearchArtworkTypeViewController.swift; sourceTree = "<group>"; };
		9D8F2BCE27B9DA1500C5C667 /* FavoriteGridCell.swift */ = {isa = PBXFileReference; lastKnownFileType = sourcecode.swift; path = FavoriteGridCell.swift; sourceTree = "<group>"; };
		9DBC9106275DB6E1005B9419 /* ArtCollectionCell.swift */ = {isa = PBXFileReference; lastKnownFileType = sourcecode.swift; path = ArtCollectionCell.swift; sourceTree = "<group>"; };
		9DCAA6D527A1BD7E003BDBA3 /* ArtworkDetailsViewController.swift */ = {isa = PBXFileReference; lastKnownFileType = sourcecode.swift; path = ArtworkDetailsViewController.swift; sourceTree = "<group>"; };
		9DCAA6D727A30F6D003BDBA3 /* DataModel.swift */ = {isa = PBXFileReference; lastKnownFileType = sourcecode.swift; path = DataModel.swift; sourceTree = "<group>"; };
		9DCAA6D927A3160B003BDBA3 /* FavoriteCollection.swift */ = {isa = PBXFileReference; lastKnownFileType = sourcecode.swift; path = FavoriteCollection.swift; sourceTree = "<group>"; };
		9DCAA6DF27AA46DA003BDBA3 /* SearchTitleViewController.swift */ = {isa = PBXFileReference; lastKnownFileType = sourcecode.swift; path = SearchTitleViewController.swift; sourceTree = "<group>"; };
		9DF964F1279B1149007F1AF6 /* DownloadImage.swift */ = {isa = PBXFileReference; lastKnownFileType = sourcecode.swift; path = DownloadImage.swift; sourceTree = "<group>"; };
		9DF964F5279CA87E007F1AF6 /* FavoriteViewController.swift */ = {isa = PBXFileReference; lastKnownFileType = sourcecode.swift; path = FavoriteViewController.swift; sourceTree = "<group>"; };
/* End PBXFileReference section */

/* Begin PBXFrameworksBuildPhase section */
		9D8C16A4271F50D2000EC665 /* Frameworks */ = {
			isa = PBXFrameworksBuildPhase;
			buildActionMask = 2147483647;
			files = (
			);
			runOnlyForDeploymentPostprocessing = 0;
		};
/* End PBXFrameworksBuildPhase section */

/* Begin PBXGroup section */
		9D77D8FB27FF7E3600A8046C /* sumlaListItem */ = {
			isa = PBXGroup;
			children = (
				9D15836B280BD6CA00D58795 /* Sumla+CoreDataProperties.swift */,
				9D15836A280BD6CA00D58795 /* Sumla+CoreDataClass.swift */,
			);
			path = sumlaListItem;
			sourceTree = "<group>";
		};
		9D8C169E271F50D2000EC665 = {
			isa = PBXGroup;
			children = (
				9D8C16A9271F50D2000EC665 /* Sumla */,
				9D8C16A8271F50D2000EC665 /* Products */,
			);
			sourceTree = "<group>";
		};
		9D8C16A8271F50D2000EC665 /* Products */ = {
			isa = PBXGroup;
			children = (
				9D8C16A7271F50D2000EC665 /* Sumla.app */,
			);
			name = Products;
			sourceTree = "<group>";
		};
		9D8C16A9271F50D2000EC665 /* Sumla */ = {
			isa = PBXGroup;
			children = (
				9D77D8FB27FF7E3600A8046C /* sumlaListItem */,
				9D8C16AA271F50D2000EC665 /* AppDelegate.swift */,
				9D8C16AC271F50D2000EC665 /* SceneDelegate.swift */,
				9D2643DD27379901003FF259 /* HomeViewController.swift */,
				9DBC9106275DB6E1005B9419 /* ArtCollectionCell.swift */,
				9DCAA6D527A1BD7E003BDBA3 /* ArtworkDetailsViewController.swift */,
				9DF964F5279CA87E007F1AF6 /* FavoriteViewController.swift */,
				9D8F2BCE27B9DA1500C5C667 /* FavoriteGridCell.swift */,
				9DCAA6D727A30F6D003BDBA3 /* DataModel.swift */,
				9DCAA6D927A3160B003BDBA3 /* FavoriteCollection.swift */,
				9DF964F1279B1149007F1AF6 /* DownloadImage.swift */,
				9D2EDCB9273AE61900D32E70 /* SearchViewController.swift */,
				9DCAA6DF27AA46DA003BDBA3 /* SearchTitleViewController.swift */,
				9D8F2BC027AE31AA00C5C667 /* SearchArtworkTypeViewController.swift */,
				9D1D860E275F0B0F00A1561F /* ArtCollectionData.swift */,
				9D8C16B0271F50D2000EC665 /* Main.storyboard */,
				9D8C16C3271F5A6C000EC665 /* Assets.xcassets */,
				9D8C16B8271F50D3000EC665 /* LaunchScreen.storyboard */,
				9D8C16BB271F50D3000EC665 /* Info.plist */,
				9D8C16B3271F50D2000EC665 /* Sumla.xcdatamodeld */,
			);
			path = Sumla;
			sourceTree = "<group>";
		};
/* End PBXGroup section */

/* Begin PBXNativeTarget section */
		9D8C16A6271F50D2000EC665 /* Sumla */ = {
			isa = PBXNativeTarget;
			buildConfigurationList = 9D8C16BE271F50D3000EC665 /* Build configuration list for PBXNativeTarget "Sumla" */;
			buildPhases = (
				9D8C16A3271F50D2000EC665 /* Sources */,
				9D8C16A4271F50D2000EC665 /* Frameworks */,
				9D8C16A5271F50D2000EC665 /* Resources */,
			);
			buildRules = (
			);
			dependencies = (
			);
			name = Sumla;
			productName = Sumla;
			productReference = 9D8C16A7271F50D2000EC665 /* Sumla.app */;
			productType = "com.apple.product-type.application";
		};
/* End PBXNativeTarget section */

/* Begin PBXProject section */
		9D8C169F271F50D2000EC665 /* Project object */ = {
			isa = PBXProject;
			attributes = {
				BuildIndependentTargetsInParallel = 1;
				LastSwiftUpdateCheck = 1300;
				LastUpgradeCheck = 1300;
				TargetAttributes = {
					9D8C16A6271F50D2000EC665 = {
						CreatedOnToolsVersion = 13.0;
					};
				};
			};
			buildConfigurationList = 9D8C16A2271F50D2000EC665 /* Build configuration list for PBXProject "Sumla" */;
			compatibilityVersion = "Xcode 13.0";
			developmentRegion = en;
			hasScannedForEncodings = 0;
			knownRegions = (
				en,
				Base,
			);
			mainGroup = 9D8C169E271F50D2000EC665;
			productRefGroup = 9D8C16A8271F50D2000EC665 /* Products */;
			projectDirPath = "";
			projectRoot = "";
			targets = (
				9D8C16A6271F50D2000EC665 /* Sumla */,
			);
		};
/* End PBXProject section */

/* Begin PBXResourcesBuildPhase section */
		9D8C16A5271F50D2000EC665 /* Resources */ = {
			isa = PBXResourcesBuildPhase;
			buildActionMask = 2147483647;
			files = (
				9D8C16BA271F50D3000EC665 /* LaunchScreen.storyboard in Resources */,
				9D8C16C4271F5A6C000EC665 /* Assets.xcassets in Resources */,
				9D8C16B2271F50D2000EC665 /* Main.storyboard in Resources */,
			);
			runOnlyForDeploymentPostprocessing = 0;
		};
/* End PBXResourcesBuildPhase section */

/* Begin PBXSourcesBuildPhase section */
		9D8C16A3271F50D2000EC665 /* Sources */ = {
			isa = PBXSourcesBuildPhase;
			buildActionMask = 2147483647;
			files = (
				9DF964F6279CA87E007F1AF6 /* FavoriteViewController.swift in Sources */,
				9D2EDCBA273AE61900D32E70 /* SearchViewController.swift in Sources */,
				9D15836D280BD6CA00D58795 /* Sumla+CoreDataProperties.swift in Sources */,
				9DF964F2279B1149007F1AF6 /* DownloadImage.swift in Sources */,
				9DBC9107275DB6E1005B9419 /* ArtCollectionCell.swift in Sources */,
				9D2643DE27379901003FF259 /* HomeViewController.swift in Sources */,
				9D8F2BCF27B9DA1500C5C667 /* FavoriteGridCell.swift in Sources */,
				9D15836C280BD6CA00D58795 /* Sumla+CoreDataClass.swift in Sources */,
				9DCAA6E027AA46DA003BDBA3 /* SearchTitleViewController.swift in Sources */,
				9DCAA6D827A30F6D003BDBA3 /* DataModel.swift in Sources */,
				9D8F2BC127AE31AA00C5C667 /* SearchArtworkTypeViewController.swift in Sources */,
				9DCAA6DA27A3160B003BDBA3 /* FavoriteCollection.swift in Sources */,
				9D8C16B5271F50D2000EC665 /* Sumla.xcdatamodeld in Sources */,
				9D8C16AB271F50D2000EC665 /* AppDelegate.swift in Sources */,
				9DCAA6D627A1BD7E003BDBA3 /* ArtworkDetailsViewController.swift in Sources */,
				9D1D860F275F0B0F00A1561F /* ArtCollectionData.swift in Sources */,
				9D8C16AD271F50D2000EC665 /* SceneDelegate.swift in Sources */,
			);
			runOnlyForDeploymentPostprocessing = 0;
		};
/* End PBXSourcesBuildPhase section */

/* Begin PBXVariantGroup section */
		9D8C16B0271F50D2000EC665 /* Main.storyboard */ = {
			isa = PBXVariantGroup;
			children = (
				9D8C16B1271F50D2000EC665 /* Base */,
			);
			name = Main.storyboard;
			sourceTree = "<group>";
		};
		9D8C16B8271F50D3000EC665 /* LaunchScreen.storyboard */ = {
			isa = PBXVariantGroup;
			children = (
				9D8C16B9271F50D3000EC665 /* Base */,
			);
			name = LaunchScreen.storyboard;
			sourceTree = "<group>";
		};
/* End PBXVariantGroup section */

/* Begin XCBuildConfiguration section */
		9D8C16BC271F50D3000EC665 /* Debug */ = {
			isa = XCBuildConfiguration;
			buildSettings = {
				ALWAYS_SEARCH_USER_PATHS = NO;
				CLANG_ANALYZER_NONNULL = YES;
				CLANG_ANALYZER_NUMBER_OBJECT_CONVERSION = YES_AGGRESSIVE;
				CLANG_CXX_LANGUAGE_STANDARD = "gnu++17";
				CLANG_CXX_LIBRARY = "libc++";
				CLANG_ENABLE_MODULES = YES;
				CLANG_ENABLE_OBJC_ARC = YES;
				CLANG_ENABLE_OBJC_WEAK = YES;
				CLANG_WARN_BLOCK_CAPTURE_AUTORELEASING = YES;
				CLANG_WARN_BOOL_CONVERSION = YES;
				CLANG_WARN_COMMA = YES;
				CLANG_WARN_CONSTANT_CONVERSION = YES;
				CLANG_WARN_DEPRECATED_OBJC_IMPLEMENTATIONS = YES;
				CLANG_WARN_DIRECT_OBJC_ISA_USAGE = YES_ERROR;
				CLANG_WARN_DOCUMENTATION_COMMENTS = YES;
				CLANG_WARN_EMPTY_BODY = YES;
				CLANG_WARN_ENUM_CONVERSION = YES;
				CLANG_WARN_INFINITE_RECURSION = YES;
				CLANG_WARN_INT_CONVERSION = YES;
				CLANG_WARN_NON_LITERAL_NULL_CONVERSION = YES;
				CLANG_WARN_OBJC_IMPLICIT_RETAIN_SELF = YES;
				CLANG_WARN_OBJC_LITERAL_CONVERSION = YES;
				CLANG_WARN_OBJC_ROOT_CLASS = YES_ERROR;
				CLANG_WARN_QUOTED_INCLUDE_IN_FRAMEWORK_HEADER = YES;
				CLANG_WARN_RANGE_LOOP_ANALYSIS = YES;
				CLANG_WARN_STRICT_PROTOTYPES = YES;
				CLANG_WARN_SUSPICIOUS_MOVE = YES;
				CLANG_WARN_UNGUARDED_AVAILABILITY = YES_AGGRESSIVE;
				CLANG_WARN_UNREACHABLE_CODE = YES;
				CLANG_WARN__DUPLICATE_METHOD_MATCH = YES;
				COPY_PHASE_STRIP = NO;
				DEBUG_INFORMATION_FORMAT = dwarf;
				ENABLE_STRICT_OBJC_MSGSEND = YES;
				ENABLE_TESTABILITY = YES;
				GCC_C_LANGUAGE_STANDARD = gnu11;
				GCC_DYNAMIC_NO_PIC = NO;
				GCC_NO_COMMON_BLOCKS = YES;
				GCC_OPTIMIZATION_LEVEL = 0;
				GCC_PREPROCESSOR_DEFINITIONS = (
					"DEBUG=1",
					"$(inherited)",
				);
				GCC_WARN_64_TO_32_BIT_CONVERSION = YES;
				GCC_WARN_ABOUT_RETURN_TYPE = YES_ERROR;
				GCC_WARN_UNDECLARED_SELECTOR = YES;
				GCC_WARN_UNINITIALIZED_AUTOS = YES_AGGRESSIVE;
				GCC_WARN_UNUSED_FUNCTION = YES;
				GCC_WARN_UNUSED_VARIABLE = YES;
				IPHONEOS_DEPLOYMENT_TARGET = 15.0;
				MTL_ENABLE_DEBUG_INFO = INCLUDE_SOURCE;
				MTL_FAST_MATH = YES;
				ONLY_ACTIVE_ARCH = YES;
				SDKROOT = iphoneos;
				SWIFT_ACTIVE_COMPILATION_CONDITIONS = DEBUG;
				SWIFT_OPTIMIZATION_LEVEL = "-Onone";
			};
			name = Debug;
		};
		9D8C16BD271F50D3000EC665 /* Release */ = {
			isa = XCBuildConfiguration;
			buildSettings = {
				ALWAYS_SEARCH_USER_PATHS = NO;
				CLANG_ANALYZER_NONNULL = YES;
				CLANG_ANALYZER_NUMBER_OBJECT_CONVERSION = YES_AGGRESSIVE;
				CLANG_CXX_LANGUAGE_STANDARD = "gnu++17";
				CLANG_CXX_LIBRARY = "libc++";
				CLANG_ENABLE_MODULES = YES;
				CLANG_ENABLE_OBJC_ARC = YES;
				CLANG_ENABLE_OBJC_WEAK = YES;
				CLANG_WARN_BLOCK_CAPTURE_AUTORELEASING = YES;
				CLANG_WARN_BOOL_CONVERSION = YES;
				CLANG_WARN_COMMA = YES;
				CLANG_WARN_CONSTANT_CONVERSION = YES;
				CLANG_WARN_DEPRECATED_OBJC_IMPLEMENTATIONS = YES;
				CLANG_WARN_DIRECT_OBJC_ISA_USAGE = YES_ERROR;
				CLANG_WARN_DOCUMENTATION_COMMENTS = YES;
				CLANG_WARN_EMPTY_BODY = YES;
				CLANG_WARN_ENUM_CONVERSION = YES;
				CLANG_WARN_INFINITE_RECURSION = YES;
				CLANG_WARN_INT_CONVERSION = YES;
				CLANG_WARN_NON_LITERAL_NULL_CONVERSION = YES;
				CLANG_WARN_OBJC_IMPLICIT_RETAIN_SELF = YES;
				CLANG_WARN_OBJC_LITERAL_CONVERSION = YES;
				CLANG_WARN_OBJC_ROOT_CLASS = YES_ERROR;
				CLANG_WARN_QUOTED_INCLUDE_IN_FRAMEWORK_HEADER = YES;
				CLANG_WARN_RANGE_LOOP_ANALYSIS = YES;
				CLANG_WARN_STRICT_PROTOTYPES = YES;
				CLANG_WARN_SUSPICIOUS_MOVE = YES;
				CLANG_WARN_UNGUARDED_AVAILABILITY = YES_AGGRESSIVE;
				CLANG_WARN_UNREACHABLE_CODE = YES;
				CLANG_WARN__DUPLICATE_METHOD_MATCH = YES;
				COPY_PHASE_STRIP = NO;
				DEBUG_INFORMATION_FORMAT = "dwarf-with-dsym";
				ENABLE_NS_ASSERTIONS = NO;
				ENABLE_STRICT_OBJC_MSGSEND = YES;
				GCC_C_LANGUAGE_STANDARD = gnu11;
				GCC_NO_COMMON_BLOCKS = YES;
				GCC_WARN_64_TO_32_BIT_CONVERSION = YES;
				GCC_WARN_ABOUT_RETURN_TYPE = YES_ERROR;
				GCC_WARN_UNDECLARED_SELECTOR = YES;
				GCC_WARN_UNINITIALIZED_AUTOS = YES_AGGRESSIVE;
				GCC_WARN_UNUSED_FUNCTION = YES;
				GCC_WARN_UNUSED_VARIABLE = YES;
				IPHONEOS_DEPLOYMENT_TARGET = 15.0;
				MTL_ENABLE_DEBUG_INFO = NO;
				MTL_FAST_MATH = YES;
				SDKROOT = iphoneos;
				SWIFT_COMPILATION_MODE = wholemodule;
				SWIFT_OPTIMIZATION_LEVEL = "-O";
				VALIDATE_PRODUCT = YES;
			};
			name = Release;
		};
		9D8C16BF271F50D3000EC665 /* Debug */ = {
			isa = XCBuildConfiguration;
			buildSettings = {
				ASSETCATALOG_COMPILER_APPICON_NAME = AppIcon;
				ASSETCATALOG_COMPILER_GLOBAL_ACCENT_COLOR_NAME = AccentColor;
				CODE_SIGN_STYLE = Automatic;
				CURRENT_PROJECT_VERSION = 1;
				GENERATE_INFOPLIST_FILE = YES;
				INFOPLIST_FILE = Sumla/Info.plist;
				INFOPLIST_KEY_UIApplicationSupportsIndirectInputEvents = YES;
				INFOPLIST_KEY_UILaunchStoryboardName = LaunchScreen;
				INFOPLIST_KEY_UIMainStoryboardFile = Main;
				INFOPLIST_KEY_UISupportedInterfaceOrientations_iPad = "UIInterfaceOrientationPortrait UIInterfaceOrientationPortraitUpsideDown UIInterfaceOrientationLandscapeLeft UIInterfaceOrientationLandscapeRight";
				INFOPLIST_KEY_UISupportedInterfaceOrientations_iPhone = "UIInterfaceOrientationPortrait UIInterfaceOrientationLandscapeLeft UIInterfaceOrientationLandscapeRight";
				LD_RUNPATH_SEARCH_PATHS = (
					"$(inherited)",
					"@executable_path/Frameworks",
				);
				MARKETING_VERSION = 1.0;
				PRODUCT_BUNDLE_IDENTIFIER = brangmai.Sumla;
				PRODUCT_NAME = "$(TARGET_NAME)";
				SWIFT_EMIT_LOC_STRINGS = YES;
				SWIFT_VERSION = 5.0;
				TARGETED_DEVICE_FAMILY = "1,2";
			};
			name = Debug;
		};
		9D8C16C0271F50D3000EC665 /* Release */ = {
			isa = XCBuildConfiguration;
			buildSettings = {
				ASSETCATALOG_COMPILER_APPICON_NAME = AppIcon;
				ASSETCATALOG_COMPILER_GLOBAL_ACCENT_COLOR_NAME = AccentColor;
				CODE_SIGN_STYLE = Automatic;
				CURRENT_PROJECT_VERSION = 1;
				GENERATE_INFOPLIST_FILE = YES;
				INFOPLIST_FILE = Sumla/Info.plist;
				INFOPLIST_KEY_UIApplicationSupportsIndirectInputEvents = YES;
				INFOPLIST_KEY_UILaunchStoryboardName = LaunchScreen;
				INFOPLIST_KEY_UIMainStoryboardFile = Main;
				INFOPLIST_KEY_UISupportedInterfaceOrientations_iPad = "UIInterfaceOrientationPortrait UIInterfaceOrientationPortraitUpsideDown UIInterfaceOrientationLandscapeLeft UIInterfaceOrientationLandscapeRight";
				INFOPLIST_KEY_UISupportedInterfaceOrientations_iPhone = "UIInterfaceOrientationPortrait UIInterfaceOrientationLandscapeLeft UIInterfaceOrientationLandscapeRight";
				LD_RUNPATH_SEARCH_PATHS = (
					"$(inherited)",
					"@executable_path/Frameworks",
				);
				MARKETING_VERSION = 1.0;
				PRODUCT_BUNDLE_IDENTIFIER = brangmai.Sumla;
				PRODUCT_NAME = "$(TARGET_NAME)";
				SWIFT_EMIT_LOC_STRINGS = YES;
				SWIFT_VERSION = 5.0;
				TARGETED_DEVICE_FAMILY = "1,2";
			};
			name = Release;
		};
/* End XCBuildConfiguration section */

/* Begin XCConfigurationList section */
		9D8C16A2271F50D2000EC665 /* Build configuration list for PBXProject "Sumla" */ = {
			isa = XCConfigurationList;
			buildConfigurations = (
				9D8C16BC271F50D3000EC665 /* Debug */,
				9D8C16BD271F50D3000EC665 /* Release */,
			);
			defaultConfigurationIsVisible = 0;
			defaultConfigurationName = Release;
		};
		9D8C16BE271F50D3000EC665 /* Build configuration list for PBXNativeTarget "Sumla" */ = {
			isa = XCConfigurationList;
			buildConfigurations = (
				9D8C16BF271F50D3000EC665 /* Debug */,
				9D8C16C0271F50D3000EC665 /* Release */,
			);
			defaultConfigurationIsVisible = 0;
			defaultConfigurationName = Release;
		};
/* End XCConfigurationList section */

/* Begin XCVersionGroup section */
		9D8C16B3271F50D2000EC665 /* Sumla.xcdatamodeld */ = {
			isa = XCVersionGroup;
			children = (
				9D8C16B4271F50D2000EC665 /* Sumla.xcdatamodel */,
			);
			currentVersion = 9D8C16B4271F50D2000EC665 /* Sumla.xcdatamodel */;
			path = Sumla.xcdatamodeld;
			sourceTree = "<group>";
			versionGroupType = wrapper.xcdatamodel;
		};
/* End XCVersionGroup section */
	};
	rootObject = 9D8C169F271F50D2000EC665 /* Project object */;
}
